
Microsoft Visual Studio Solution File, Format Version 12.00
# Visual Studio Version 17
VisualStudioVersion = 17.2.32526.322
MinimumVisualStudioVersion = 10.0.40219.1
Project("{9A19103F-16F7-4668-BE54-9A1E7A4F7556}") = "WorkShop.Library", "WorkShop.Library\WorkShop.Library.csproj", "{1D83F7C4-6CE5-44FE-8533-F36E8EC7A165}"
EndProject
Project("{FAE04EC0-301F-11D3-BF4B-00C04F79EFBC}") = "DesktopApp", "DesktopApp\DesktopApp.csproj", "{F49EAE85-4289-4209-B6B0-5F857E3984EE}"
EndProject
Global
	GlobalSection(SolutionConfigurationPlatforms) = preSolution
		Debug|Any CPU = Debug|Any CPU
		Release|Any CPU = Release|Any CPU
	EndGlobalSection
	GlobalSection(ProjectConfigurationPlatforms) = postSolution
		{1D83F7C4-6CE5-44FE-8533-F36E8EC7A165}.Debug|Any CPU.ActiveCfg = Debug|Any CPU
		{1D83F7C4-6CE5-44FE-8533-F36E8EC7A165}.Debug|Any CPU.Build.0 = Debug|Any CPU
		{1D83F7C4-6CE5-44FE-8533-F36E8EC7A165}.Release|Any CPU.ActiveCfg = Release|Any CPU
		{1D83F7C4-6CE5-44FE-8533-F36E8EC7A165}.Release|Any CPU.Build.0 = Release|Any CPU
		{F49EAE85-4289-4209-B6B0-5F857E3984EE}.Debug|Any CPU.ActiveCfg = Debug|Any CPU
		{F49EAE85-4289-4209-B6B0-5F857E3984EE}.Debug|Any CPU.Build.0 = Debug|Any CPU
		{F49EAE85-4289-4209-B6B0-5F857E3984EE}.Release|Any CPU.ActiveCfg = Release|Any CPU
		{F49EAE85-4289-4209-B6B0-5F857E3984EE}.Release|Any CPU.Build.0 = Release|Any CPU
	EndGlobalSection
	GlobalSection(SolutionProperties) = preSolution
		HideSolutionNode = FALSE
	EndGlobalSection
	GlobalSection(ExtensibilityGlobals) = postSolution
		SolutionGuid = {38F6A59F-F66A-4FC4-BE75-023089E115D1}
	EndGlobalSection
EndGlobal
